
Microsoft Visual Studio Solution File, Format Version 12.00
# Visual Studio Version 17
VisualStudioVersion = 17.9.34616.47
MinimumVisualStudioVersion = 10.0.40219.1
Project("{FAE04EC0-301F-11D3-BF4B-00C04F79EFBC}") = "webApiPractica", "webApiPractica\webApiPractica.csproj", "{AA765BE0-15F3-4C8D-83DA-2E99D01D36DF}"
EndProject
Global
	GlobalSection(SolutionConfigurationPlatforms) = preSolution
		Debug|Any CPU = Debug|Any CPU
		Release|Any CPU = Release|Any CPU
	EndGlobalSection
	GlobalSection(ProjectConfigurationPlatforms) = postSolution
		{AA765BE0-15F3-4C8D-83DA-2E99D01D36DF}.Debug|Any CPU.ActiveCfg = Debug|Any CPU
		{AA765BE0-15F3-4C8D-83DA-2E99D01D36DF}.Debug|Any CPU.Build.0 = Debug|Any CPU
		{AA765BE0-15F3-4C8D-83DA-2E99D01D36DF}.Release|Any CPU.ActiveCfg = Release|Any CPU
		{AA765BE0-15F3-4C8D-83DA-2E99D01D36DF}.Release|Any CPU.Build.0 = Release|Any CPU
	EndGlobalSection
	GlobalSection(SolutionProperties) = preSolution
		HideSolutionNode = FALSE
	EndGlobalSection
	GlobalSection(ExtensibilityGlobals) = postSolution
		SolutionGuid = {163B2E76-5819-4B19-89BE-0A7FF2DE1471}
	EndGlobalSection
EndGlobal
